
Microsoft Visual Studio Solution File, Format Version 12.00
# Visual Studio 2013
VisualStudioVersion = 12.0.31101.0
MinimumVisualStudioVersion = 10.0.40219.1
Project("{FAE04EC0-301F-11D3-BF4B-00C04F79EFBC}") = "Vsempoka2.ODataBackend", "ODataBackend/Vsempoka2.ODataBackend.csproj", "{0CAECAE8-C193-4BED-B735-91B5C2D7D0C7}"
EndProject
Project("{FAE04EC0-301F-11D3-BF4B-00C04F79EFBC}") = "Vsempoka2.Objects", "Objects/Vsempoka2.Objects.csproj", "{35415886-B916-4D4E-BD0B-8657EBE1E934}"
EndProject
Global
	GlobalSection(SolutionConfigurationPlatforms) = preSolution
Debug|Any CPU = Debug|Any CPU
Release|Any CPU = Release|Any CPU
	EndGlobalSection
	GlobalSection(ProjectConfigurationPlatforms) = postSolution
		{0CAECAE8-C193-4BED-B735-91B5C2D7D0C7}.Debug|Any CPU.ActiveCfg = Debug|Any CPU
		{0CAECAE8-C193-4BED-B735-91B5C2D7D0C7}.Debug|Any CPU.Build.0 = Debug|Any CPU
		{0CAECAE8-C193-4BED-B735-91B5C2D7D0C7}.Release|Any CPU.ActiveCfg = Release|Any CPU
		{0CAECAE8-C193-4BED-B735-91B5C2D7D0C7}.Release|Any CPU.Build.0 = Release|Any CPU
		{35415886-B916-4D4E-BD0B-8657EBE1E934}.Debug|Any CPU.ActiveCfg = Debug|Any CPU
		{35415886-B916-4D4E-BD0B-8657EBE1E934}.Debug|Any CPU.Build.0 = Debug|Any CPU
		{35415886-B916-4D4E-BD0B-8657EBE1E934}.Release|Any CPU.ActiveCfg = Release|Any CPU
		{35415886-B916-4D4E-BD0B-8657EBE1E934}.Release|Any CPU.Build.0 = Release|Any CPU
	EndGlobalSection
	GlobalSection(SolutionProperties) = preSolution
		HideSolutionNode = FALSE
	EndGlobalSection
EndGlobal
